{
  "name": "auok",
  "version": "0.1.0",
  "lockfileVersion": 3,
  "requires": true,
  "packages": {
    "": {
      "name": "auok",
      "version": "0.1.0",
      "bin": {
        "auok": "harness/cli/main.js"
      },
      "devDependencies": {},
      "engines": {
        "node": ">=20"
      }
    }
  }
}
